
Microsoft Visual Studio Solution File, Format Version 12.00
# Visual Studio Version 17
VisualStudioVersion = 17.5.33530.505
MinimumVisualStudioVersion = 10.0.40219.1
Project("{FAE04EC0-301F-11D3-BF4B-00C04F79EFBC}") = "FileSignaturePolicy", "FileSignaturePolicy\FileSignaturePolicy.csproj", "{8B595C65-D031-4E02-8D1B-3DF77FFC5385}"
EndProject
Global
	GlobalSection(SolutionConfigurationPlatforms) = preSolution
		Debug|Any CPU = Debug|Any CPU
		Release|Any CPU = Release|Any CPU
	EndGlobalSection
	GlobalSection(ProjectConfigurationPlatforms) = postSolution
		{8B595C65-D031-4E02-8D1B-3DF77FFC5385}.Debug|Any CPU.ActiveCfg = Debug|Any CPU
		{8B595C65-D031-4E02-8D1B-3DF77FFC5385}.Debug|Any CPU.Build.0 = Debug|Any CPU
		{8B595C65-D031-4E02-8D1B-3DF77FFC5385}.Release|Any CPU.ActiveCfg = Release|Any CPU
		{8B595C65-D031-4E02-8D1B-3DF77FFC5385}.Release|Any CPU.Build.0 = Release|Any CPU
	EndGlobalSection
	GlobalSection(SolutionProperties) = preSolution
		HideSolutionNode = FALSE
	EndGlobalSection
	GlobalSection(ExtensibilityGlobals) = postSolution
		SolutionGuid = {0447D473-9901-44FA-A44F-784F8D6EAFA7}
	EndGlobalSection
EndGlobal
